{
    "name": "ecommerce-website",
    "version": "1.0.0",
    "lockfileVersion": 2,
    "dependencies": {
      "bcryptjs": {
        "version": "2.4.3",
        "resolved": "https://registry.npmjs.org/bcryptjs/-/bcryptjs-2.4.3.tgz",
        "integrity": "sha512-FVhZk8zD7QxiJ85fdnWJcpmmnYHcXtn6c3/p82O2zFFtYYdJS99EY2qg5QsyXrHpouWqQj2u9p++MyQwhmf7uQ==",
        "dev": true
      },
      "cors": {
        "version": "2.8.5",
        "resolved": "https://registry.npmjs.org/cors/-/cors-2.8.5.tgz",
        "integrity": "sha512-hG9mhc1DiLFK9VzctO7l9MlG9y74PHhNpsd1VgNd+FhuzOXtqroO3gIm8yXjFLrCkHXB8mHgGd8abMl0fHz5+g=="
      },
      "dotenv": {
        "version": "16.0.0",
        "resolved": "https://registry.npmjs.org/dotenv/-/dotenv-16.0.0.tgz",
        "integrity": "sha512-8Ck0t3JrHddLFqx8uwgBbeqK6wAW7qayfE/4t30gNgbEvcvghEzfyyG3cVwI2rf7vdrXBeb3ozFn4HUmN27r1Q=="
      },
      "express": {
        "version": "4.18.1",
        "resolved": "https://registry.npmjs.org/express/-/express-4.18.1.tgz",
        "integrity": "sha512-PHURoTkzLCbhNdZYg1npwLt44sbzmJz7iqhlKzWbqq2g+IiCmijqH+q2QHJtF+Te3kMd64Oa1u2JQISFgCHJfg=="
      },
      "jsonwebtoken": {
        "version": "8.5.1",
        "resolved": "https://registry.npmjs.org/jsonwebtoken/-/jsonwebtoken-8.5.1.tgz",
        "integrity": "sha512-0bPN08Ot43F9syTZmD1FELaeIuA9Z1GnPtGpeXbTUB7A65uyRQG9vWVEx6cCqChpMN93t4VE44I3eULG8sdNwQ=="
      },
      "mongoose": {
        "version": "6.0.14",
        "resolved": "https://registry.npmjs.org/mongoose/-/mongoose-6.0.14.tgz",
        "integrity": "sha512-91OHAsv0ahw9BggBfgJYN+JybxHdkj8B3cE6CwfeLTA0uDlAON2KlqtEJjok0wMk1jhzLzTS1bL5BwQctfj9mw=="
      }
    }
  }
  